{
  "name": "npm-package-consumer",
  "lockfileVersion": 3,
  "requires": true,
  "packages": {
    "": {
      "dependencies": {
        "@samayer12/npm-package-demo": "latest"
      }
    },
    "node_modules/@samayer12/npm-package-demo": {
      "version": "0.0.3",
      "resolved": "https://registry.npmjs.org/@samayer12/npm-package-demo/-/npm-package-demo-0.0.3.tgz",
      "integrity": "sha512-QAI63fNtNUBXFidFrHhFbtbBcPDQgFmbTpFMjqFjtv0e9Kobxey98QoC9DebpwwAI7Mc0n7uNbFzLxjpW1peEA=="
    }
  }
}
